
Microsoft Visual Studio Solution File, Format Version 12.00
# Visual Studio Version 17
VisualStudioVersion = 17.13.35931.197
MinimumVisualStudioVersion = 10.0.40219.1
Project("{FAE04EC0-301F-11D3-BF4B-00C04F79EFBC}") = "ReLinker", "ReLinker\ReLinker.csproj", "{75B57054-1BE8-E82E-1E97-CCA6463512FA}"
EndProject
Project("{FAE04EC0-301F-11D3-BF4B-00C04F79EFBC}") = "RecordLinkTest", "ReLinkerTest\RecordLinkTest.csproj", "{866E5F70-EE11-0C34-3BF2-401B6B71DDF0}"
EndProject
Global
	GlobalSection(SolutionConfigurationPlatforms) = preSolution
		Debug|Any CPU = Debug|Any CPU
		Release|Any CPU = Release|Any CPU
	EndGlobalSection
	GlobalSection(ProjectConfigurationPlatforms) = postSolution
		{75B57054-1BE8-E82E-1E97-CCA6463512FA}.Debug|Any CPU.ActiveCfg = Debug|Any CPU
		{75B57054-1BE8-E82E-1E97-CCA6463512FA}.Debug|Any CPU.Build.0 = Debug|Any CPU
		{75B57054-1BE8-E82E-1E97-CCA6463512FA}.Release|Any CPU.ActiveCfg = Release|Any CPU
		{75B57054-1BE8-E82E-1E97-CCA6463512FA}.Release|Any CPU.Build.0 = Release|Any CPU
		{866E5F70-EE11-0C34-3BF2-401B6B71DDF0}.Debug|Any CPU.ActiveCfg = Debug|Any CPU
		{866E5F70-EE11-0C34-3BF2-401B6B71DDF0}.Debug|Any CPU.Build.0 = Debug|Any CPU
		{866E5F70-EE11-0C34-3BF2-401B6B71DDF0}.Release|Any CPU.ActiveCfg = Release|Any CPU
		{866E5F70-EE11-0C34-3BF2-401B6B71DDF0}.Release|Any CPU.Build.0 = Release|Any CPU
	EndGlobalSection
	GlobalSection(SolutionProperties) = preSolution
		HideSolutionNode = FALSE
	EndGlobalSection
	GlobalSection(ExtensibilityGlobals) = postSolution
		SolutionGuid = {DFEDE6EE-A815-47DE-BF4B-B59980896796}
	EndGlobalSection
EndGlobal
